{
  "name": "synthatalent",
  "lockfileVersion": 2,
  "requires": true,
  "packages": {
    "": {
      "dependencies": {
        "next": "latest",
        "react": "latest",
        "react-dom": "latest"
      },
      "devDependencies": {
        "typescript": "^5.2.2",
        "@types/react": "^18.2.21",
        "@types/node": "^20.4.2"
      }
    }
  }
}